PODS:
  - ActionSheetPicker-3.0 (2.3.0)

DEPENDENCIES:
  - ActionSheetPicker-3.0 (~> 2.3.0)

SPEC REPOS:
  https://github.com/cocoapods/specs.git:
    - ActionSheetPicker-3.0

SPEC CHECKSUMS:
  ActionSheetPicker-3.0: eef157d75e151f255c5333d26656c7fbfe905a51

PODFILE CHECKSUM: 11e09f22b331e70187c12c7d300eb785b61b4e5e

COCOAPODS: 1.5.3
